# This file is automatically @generated by Cargo.
# It is not intended for manual editing.
version = 4

[[package]]
name = "common-lib"
version = "1.0.0"

[[package]]
name = "notification-service"
version = "1.0.0"
dependencies = [
 "common-lib",
]

[[package]]
name = "payment-service"
version = "1.0.0"
dependencies = [
 "common-lib",
]
